
Microsoft Visual Studio Solution File, Format Version 12.00
# Visual Studio Version 16
VisualStudioVersion = 16.0.29215.179
MinimumVisualStudioVersion = 10.0.40219.1
Project("{9A19103F-16F7-4668-BE54-9A1E7A4F7556}") = "BurgerMachine", "BurgerMachine\BurgerMachine.csproj", "{0D8C044F-84E2-465F-A310-44A789F80A70}"
EndProject
Project("{9A19103F-16F7-4668-BE54-9A1E7A4F7556}") = "BurgerMachine.Tests", "BurgerMachine.Tests\BurgerMachine.Tests.csproj", "{76A49CD2-4CFA-4E63-994F-ADF16951D349}"
EndProject
Project("{9A19103F-16F7-4668-BE54-9A1E7A4F7556}") = "BurgerMachineBoard", "BurgerMachineBoard\BurgerMachineBoard.csproj", "{97D1D17F-03F8-4B03-9CDF-DE13A0544B7E}"
EndProject
Global
	GlobalSection(SolutionConfigurationPlatforms) = preSolution
		Debug|Any CPU = Debug|Any CPU
		Release|Any CPU = Release|Any CPU
	EndGlobalSection
	GlobalSection(ProjectConfigurationPlatforms) = postSolution
		{0D8C044F-84E2-465F-A310-44A789F80A70}.Debug|Any CPU.ActiveCfg = Debug|Any CPU
		{0D8C044F-84E2-465F-A310-44A789F80A70}.Debug|Any CPU.Build.0 = Debug|Any CPU
		{0D8C044F-84E2-465F-A310-44A789F80A70}.Release|Any CPU.ActiveCfg = Release|Any CPU
		{0D8C044F-84E2-465F-A310-44A789F80A70}.Release|Any CPU.Build.0 = Release|Any CPU
		{76A49CD2-4CFA-4E63-994F-ADF16951D349}.Debug|Any CPU.ActiveCfg = Debug|Any CPU
		{76A49CD2-4CFA-4E63-994F-ADF16951D349}.Debug|Any CPU.Build.0 = Debug|Any CPU
		{76A49CD2-4CFA-4E63-994F-ADF16951D349}.Release|Any CPU.ActiveCfg = Release|Any CPU
		{76A49CD2-4CFA-4E63-994F-ADF16951D349}.Release|Any CPU.Build.0 = Release|Any CPU
		{97D1D17F-03F8-4B03-9CDF-DE13A0544B7E}.Debug|Any CPU.ActiveCfg = Debug|Any CPU
		{97D1D17F-03F8-4B03-9CDF-DE13A0544B7E}.Debug|Any CPU.Build.0 = Debug|Any CPU
		{97D1D17F-03F8-4B03-9CDF-DE13A0544B7E}.Release|Any CPU.ActiveCfg = Release|Any CPU
		{97D1D17F-03F8-4B03-9CDF-DE13A0544B7E}.Release|Any CPU.Build.0 = Release|Any CPU
	EndGlobalSection
	GlobalSection(SolutionProperties) = preSolution
		HideSolutionNode = FALSE
	EndGlobalSection
	GlobalSection(ExtensibilityGlobals) = postSolution
		SolutionGuid = {E97D488D-2B5E-4396-861A-5C12612FBE9D}
	EndGlobalSection
EndGlobal
